// !$*UTF8*$!
{
	archiveVersion = 1;
	classes = {
	};
	objectVersion = 50;
	objects = {

/* Begin PBXBuildFile section */
		EE33E8032AC3E3B40093E3E7 /* main.cpp in Sources */ = {isa = PBXBuildFile; fileRef = EE33E8022AC3E3B40093E3E7 /* main.cpp */; };
		EE33E80E2AC3E9D40093E3E7 /* libkmod.a in Frameworks */ = {isa = PBXBuildFile; fileRef = EE33E80C2AC3E9880093E3E7 /* libkmod.a */; };
		EE33E8252AC3EBB10093E3E7 /* CoreFoundation.framework in Frameworks */ = {isa = PBXBuildFile; fileRef = EE33E8242AC3EBB10093E3E7 /* CoreFoundation.framework */; };
		EE33E82D2AC3EC190093E3E7 /* IOKit.framework in Frameworks */ = {isa = PBXBuildFile; fileRef = EE33E82C2AC3EC190093E3E7 /* IOKit.framework */; };
		EE38E9082AC0B17500EF14F3 /* CrosECUserClient.cpp in Sources */ = {isa = PBXBuildFile; fileRef = EE38E9062AC0B17500EF14F3 /* CrosECUserClient.cpp */; };
		EE38E9092AC0B17500EF14F3 /* CrosECUserClient.hpp in Headers */ = {isa = PBXBuildFile; fileRef = EE38E9072AC0B17500EF14F3 /* CrosECUserClient.hpp */; };
		EE3E621B2AC6820100A45060 /* SMCLightSensor.cpp in Sources */ = {isa = PBXBuildFile; fileRef = EE3E62192AC6820100A45060 /* SMCLightSensor.cpp */; };
		EE3E621C2AC6820100A45060 /* SMCLightSensor.hpp in Headers */ = {isa = PBXBuildFile; fileRef = EE3E621A2AC6820100A45060 /* SMCLightSensor.hpp */; };
		EE3E622B2AC685BB00A45060 /* AmbientLightValue.cpp in Sources */ = {isa = PBXBuildFile; fileRef = EE3E62292AC685BB00A45060 /* AmbientLightValue.cpp */; };
		EE3E622C2AC685BB00A45060 /* AmbientLightValue.hpp in Headers */ = {isa = PBXBuildFile; fileRef = EE3E622A2AC685BB00A45060 /* AmbientLightValue.hpp */; };
		EE5294DC2AB2D5340010D50D /* CrosECBus.hpp in Headers */ = {isa = PBXBuildFile; fileRef = EE5294DB2AB2D5340010D50D /* CrosECBus.hpp */; };
		EE5294DE2AB2D5340010D50D /* CrosECBus.cpp in Sources */ = {isa = PBXBuildFile; fileRef = EE5294DD2AB2D5340010D50D /* CrosECBus.cpp */; };
		EE5296D12ABA718F00DD3CFE /* CrosECDeviceNub.cpp in Sources */ = {isa = PBXBuildFile; fileRef = EE5296CF2ABA718F00DD3CFE /* CrosECDeviceNub.cpp */; };
		EE5296D22ABA718F00DD3CFE /* CrosECDeviceNub.hpp in Headers */ = {isa = PBXBuildFile; fileRef = EE5296D02ABA718F00DD3CFE /* CrosECDeviceNub.hpp */; };
		EE93B21A2ACD20650082868A /* VirtualSMCSDK in Resources */ = {isa = PBXBuildFile; fileRef = EE93B2192ACD20650082868A /* VirtualSMCSDK */; };
		EEA37FD32ABAA3D700B31609 /* CrosECKeyboardBacklight.cpp in Sources */ = {isa = PBXBuildFile; fileRef = EEA37FD12ABAA3D700B31609 /* CrosECKeyboardBacklight.cpp */; };
		EEA37FD42ABAA3D700B31609 /* CrosECKeyboardBacklight.hpp in Headers */ = {isa = PBXBuildFile; fileRef = EEA37FD22ABAA3D700B31609 /* CrosECKeyboardBacklight.hpp */; };
		EEA37FD92ABBD06C00B31609 /* CrosECSensorHub.cpp in Sources */ = {isa = PBXBuildFile; fileRef = EEA37FD72ABBD06C00B31609 /* CrosECSensorHub.cpp */; };
		EEA37FDA2ABBD06C00B31609 /* CrosECSensorHub.hpp in Headers */ = {isa = PBXBuildFile; fileRef = EEA37FD82ABBD06C00B31609 /* CrosECSensorHub.hpp */; };
/* End PBXBuildFile section */

/* Begin PBXCopyFilesBuildPhase section */
		EE33E7FE2AC3E3B40093E3E7 /* CopyFiles */ = {
			isa = PBXCopyFilesBuildPhase;
			buildActionMask = 2147483647;
			dstPath = /usr/share/man/man1/;
			dstSubfolderSpec = 0;
			files = (
			);
			runOnlyForDeploymentPostprocessing = 1;
		};
/* End PBXCopyFilesBuildPhase section */

/* Begin PBXFileReference section */
		EE33E8002AC3E3B40093E3E7 /* CrosECVersion */ = {isa = PBXFileReference; explicitFileType = "compiled.mach-o.executable"; includeInIndex = 0; path = CrosECVersion; sourceTree = BUILT_PRODUCTS_DIR; };
		EE33E8022AC3E3B40093E3E7 /* main.cpp */ = {isa = PBXFileReference; lastKnownFileType = sourcecode.cpp.cpp; path = main.cpp; sourceTree = "<group>"; };
		EE33E80C2AC3E9880093E3E7 /* libkmod.a */ = {isa = PBXFileReference; lastKnownFileType = archive.ar; name = libkmod.a; path = usr/lib/libkmod.a; sourceTree = SDKROOT; };
		EE33E8122AC3E9E40093E3E7 /* libkmodc++.a */ = {isa = PBXFileReference; lastKnownFileType = archive.ar; name = "libkmodc++.a"; path = "usr/lib/libkmodc++.a"; sourceTree = SDKROOT; };
		EE33E8242AC3EBB10093E3E7 /* CoreFoundation.framework */ = {isa = PBXFileReference; lastKnownFileType = wrapper.framework; name = CoreFoundation.framework; path = System/Library/Frameworks/CoreFoundation.framework; sourceTree = SDKROOT; };
		EE33E82C2AC3EC190093E3E7 /* IOKit.framework */ = {isa = PBXFileReference; lastKnownFileType = wrapper.framework; name = IOKit.framework; path = System/Library/Frameworks/IOKit.framework; sourceTree = SDKROOT; };
		EE38E9062AC0B17500EF14F3 /* CrosECUserClient.cpp */ = {isa = PBXFileReference; lastKnownFileType = sourcecode.cpp.cpp; path = CrosECUserClient.cpp; sourceTree = "<group>"; };
		EE38E9072AC0B17500EF14F3 /* CrosECUserClient.hpp */ = {isa = PBXFileReference; lastKnownFileType = sourcecode.cpp.h; path = CrosECUserClient.hpp; sourceTree = "<group>"; };
		EE3E62192AC6820100A45060 /* SMCLightSensor.cpp */ = {isa = PBXFileReference; lastKnownFileType = sourcecode.cpp.cpp; path = SMCLightSensor.cpp; sourceTree = "<group>"; };
		EE3E621A2AC6820100A45060 /* SMCLightSensor.hpp */ = {isa = PBXFileReference; lastKnownFileType = sourcecode.cpp.h; path = SMCLightSensor.hpp; sourceTree = "<group>"; };
		EE3E62292AC685BB00A45060 /* AmbientLightValue.cpp */ = {isa = PBXFileReference; lastKnownFileType = sourcecode.cpp.cpp; path = AmbientLightValue.cpp; sourceTree = "<group>"; };
		EE3E622A2AC685BB00A45060 /* AmbientLightValue.hpp */ = {isa = PBXFileReference; lastKnownFileType = sourcecode.cpp.h; path = AmbientLightValue.hpp; sourceTree = "<group>"; };
		EE5294D82AB2D5340010D50D /* CrosEC.kext */ = {isa = PBXFileReference; explicitFileType = wrapper.cfbundle; includeInIndex = 0; path = CrosEC.kext; sourceTree = BUILT_PRODUCTS_DIR; };
		EE5294DB2AB2D5340010D50D /* CrosECBus.hpp */ = {isa = PBXFileReference; lastKnownFileType = sourcecode.cpp.h; path = CrosECBus.hpp; sourceTree = "<group>"; };
		EE5294DD2AB2D5340010D50D /* CrosECBus.cpp */ = {isa = PBXFileReference; lastKnownFileType = sourcecode.cpp.cpp; path = CrosECBus.cpp; sourceTree = "<group>"; };
		EE5294DF2AB2D5340010D50D /* Info.plist */ = {isa = PBXFileReference; lastKnownFileType = text.plist.xml; path = Info.plist; sourceTree = "<group>"; };
		EE5296CF2ABA718F00DD3CFE /* CrosECDeviceNub.cpp */ = {isa = PBXFileReference; lastKnownFileType = sourcecode.cpp.cpp; path = CrosECDeviceNub.cpp; sourceTree = "<group>"; };
		EE5296D02ABA718F00DD3CFE /* CrosECDeviceNub.hpp */ = {isa = PBXFileReference; lastKnownFileType = sourcecode.cpp.h; path = CrosECDeviceNub.hpp; sourceTree = "<group>"; };
		EE93B2192ACD20650082868A /* VirtualSMCSDK */ = {isa = PBXFileReference; lastKnownFileType = folder; name = VirtualSMCSDK; path = Dependencies/VirtualSMC/VirtualSMCSDK; sourceTree = "<group>"; };
		EEA37FC82ABA9FC700B31609 /* CrosECShared.h */ = {isa = PBXFileReference; lastKnownFileType = sourcecode.c.h; path = CrosECShared.h; sourceTree = "<group>"; };
		EEA37FD12ABAA3D700B31609 /* CrosECKeyboardBacklight.cpp */ = {isa = PBXFileReference; lastKnownFileType = sourcecode.cpp.cpp; path = CrosECKeyboardBacklight.cpp; sourceTree = "<group>"; };
		EEA37FD22ABAA3D700B31609 /* CrosECKeyboardBacklight.hpp */ = {isa = PBXFileReference; lastKnownFileType = sourcecode.cpp.h; path = CrosECKeyboardBacklight.hpp; sourceTree = "<group>"; };
		EEA37FD72ABBD06C00B31609 /* CrosECSensorHub.cpp */ = {isa = PBXFileReference; lastKnownFileType = sourcecode.cpp.cpp; path = CrosECSensorHub.cpp; sourceTree = "<group>"; };
		EEA37FD82ABBD06C00B31609 /* CrosECSensorHub.hpp */ = {isa = PBXFileReference; lastKnownFileType = sourcecode.cpp.h; path = CrosECSensorHub.hpp; sourceTree = "<group>"; };
/* End PBXFileReference section */

/* Begin PBXFrameworksBuildPhase section */
		EE33E7FD2AC3E3B40093E3E7 /* Frameworks */ = {
			isa = PBXFrameworksBuildPhase;
			buildActionMask = 2147483647;
			files = (
				EE33E82D2AC3EC190093E3E7 /* IOKit.framework in Frameworks */,
				EE33E8252AC3EBB10093E3E7 /* CoreFoundation.framework in Frameworks */,
			);
			runOnlyForDeploymentPostprocessing = 0;
		};
		EE5294D52AB2D5340010D50D /* Frameworks */ = {
			isa = PBXFrameworksBuildPhase;
			buildActionMask = 2147483647;
			files = (
				EE33E80E2AC3E9D40093E3E7 /* libkmod.a in Frameworks */,
			);
			runOnlyForDeploymentPostprocessing = 0;
		};
/* End PBXFrameworksBuildPhase section */

/* Begin PBXGroup section */
		EE33E8012AC3E3B40093E3E7 /* CrosECVersion */ = {
			isa = PBXGroup;
			children = (
				EE33E8022AC3E3B40093E3E7 /* main.cpp */,
			);
			path = CrosECVersion;
			sourceTree = "<group>";
		};
		EE33E80B2AC3E9880093E3E7 /* Frameworks */ = {
			isa = PBXGroup;
			children = (
				EE33E82C2AC3EC190093E3E7 /* IOKit.framework */,
				EE33E8242AC3EBB10093E3E7 /* CoreFoundation.framework */,
				EE33E8122AC3E9E40093E3E7 /* libkmodc++.a */,
				EE33E80C2AC3E9880093E3E7 /* libkmod.a */,
			);
			name = Frameworks;
			sourceTree = "<group>";
		};
		EE3E62182AC681DA00A45060 /* SMCLightSensor */ = {
			isa = PBXGroup;
			children = (
				EE3E62192AC6820100A45060 /* SMCLightSensor.cpp */,
				EE3E621A2AC6820100A45060 /* SMCLightSensor.hpp */,
				EE3E62292AC685BB00A45060 /* AmbientLightValue.cpp */,
				EE3E622A2AC685BB00A45060 /* AmbientLightValue.hpp */,
			);
			path = SMCLightSensor;
			sourceTree = "<group>";
		};
		EE5294CE2AB2D5340010D50D = {
			isa = PBXGroup;
			children = (
				EE93B2192ACD20650082868A /* VirtualSMCSDK */,
				EEA37FC72ABA9FB500B31609 /* Include */,
				EE5294DA2AB2D5340010D50D /* CrosEC */,
				EE33E8012AC3E3B40093E3E7 /* CrosECVersion */,
				EE5294D92AB2D5340010D50D /* Products */,
				EE33E80B2AC3E9880093E3E7 /* Frameworks */,
			);
			sourceTree = "<group>";
		};
		EE5294D92AB2D5340010D50D /* Products */ = {
			isa = PBXGroup;
			children = (
				EE5294D82AB2D5340010D50D /* CrosEC.kext */,
				EE33E8002AC3E3B40093E3E7 /* CrosECVersion */,
			);
			name = Products;
			sourceTree = "<group>";
		};
		EE5294DA2AB2D5340010D50D /* CrosEC */ = {
			isa = PBXGroup;
			children = (
				EE5294DF2AB2D5340010D50D /* Info.plist */,
				EEA37FCA2ABAA2E700B31609 /* CrosECBus */,
				EEA37FCB2ABAA30900B31609 /* CrosECDevices */,
				EE3E62182AC681DA00A45060 /* SMCLightSensor */,
			);
			path = CrosEC;
			sourceTree = "<group>";
		};
		EEA37FC72ABA9FB500B31609 /* Include */ = {
			isa = PBXGroup;
			children = (
				EEA37FC82ABA9FC700B31609 /* CrosECShared.h */,
			);
			path = Include;
			sourceTree = "<group>";
		};
		EEA37FCA2ABAA2E700B31609 /* CrosECBus */ = {
			isa = PBXGroup;
			children = (
				EE5294DB2AB2D5340010D50D /* CrosECBus.hpp */,
				EE5294DD2AB2D5340010D50D /* CrosECBus.cpp */,
				EE5296CF2ABA718F00DD3CFE /* CrosECDeviceNub.cpp */,
				EE5296D02ABA718F00DD3CFE /* CrosECDeviceNub.hpp */,
				EE38E9062AC0B17500EF14F3 /* CrosECUserClient.cpp */,
				EE38E9072AC0B17500EF14F3 /* CrosECUserClient.hpp */,
			);
			path = CrosECBus;
			sourceTree = "<group>";
		};
		EEA37FCB2ABAA30900B31609 /* CrosECDevices */ = {
			isa = PBXGroup;
			children = (
				EEA37FD12ABAA3D700B31609 /* CrosECKeyboardBacklight.cpp */,
				EEA37FD22ABAA3D700B31609 /* CrosECKeyboardBacklight.hpp */,
				EEA37FD72ABBD06C00B31609 /* CrosECSensorHub.cpp */,
				EEA37FD82ABBD06C00B31609 /* CrosECSensorHub.hpp */,
			);
			path = CrosECDevices;
			sourceTree = "<group>";
		};
/* End PBXGroup section */

/* Begin PBXHeadersBuildPhase section */
		EE5294D32AB2D5340010D50D /* Headers */ = {
			isa = PBXHeadersBuildPhase;
			buildActionMask = 2147483647;
			files = (
				EE5294DC2AB2D5340010D50D /* CrosECBus.hpp in Headers */,
				EE3E621C2AC6820100A45060 /* SMCLightSensor.hpp in Headers */,
				EEA37FDA2ABBD06C00B31609 /* CrosECSensorHub.hpp in Headers */,
				EEA37FD42ABAA3D700B31609 /* CrosECKeyboardBacklight.hpp in Headers */,
				EE38E9092AC0B17500EF14F3 /* CrosECUserClient.hpp in Headers */,
				EE3E622C2AC685BB00A45060 /* AmbientLightValue.hpp in Headers */,
				EE5296D22ABA718F00DD3CFE /* CrosECDeviceNub.hpp in Headers */,
			);
			runOnlyForDeploymentPostprocessing = 0;
		};
/* End PBXHeadersBuildPhase section */

/* Begin PBXNativeTarget section */
		EE33E7FF2AC3E3B40093E3E7 /* CrosECVersion */ = {
			isa = PBXNativeTarget;
			buildConfigurationList = EE33E8042AC3E3B40093E3E7 /* Build configuration list for PBXNativeTarget "CrosECVersion" */;
			buildPhases = (
				EE33E7FC2AC3E3B40093E3E7 /* Sources */,
				EE33E7FD2AC3E3B40093E3E7 /* Frameworks */,
				EE33E7FE2AC3E3B40093E3E7 /* CopyFiles */,
			);
			buildRules = (
			);
			dependencies = (
			);
			name = CrosECVersion;
			productName = CrosECVersion;
			productReference = EE33E8002AC3E3B40093E3E7 /* CrosECVersion */;
			productType = "com.apple.product-type.tool";
		};
		EE5294D72AB2D5340010D50D /* CrosEC */ = {
			isa = PBXNativeTarget;
			buildConfigurationList = EE5294E22AB2D5340010D50D /* Build configuration list for PBXNativeTarget "CrosEC" */;
			buildPhases = (
				EE5294D32AB2D5340010D50D /* Headers */,
				EE5294D42AB2D5340010D50D /* Sources */,
				EE5294D52AB2D5340010D50D /* Frameworks */,
				EE5294D62AB2D5340010D50D /* Resources */,
			);
			buildRules = (
			);
			dependencies = (
			);
			name = CrosEC;
			productName = CrosEC;
			productReference = EE5294D82AB2D5340010D50D /* CrosEC.kext */;
			productType = "com.apple.product-type.kernel-extension";
		};
/* End PBXNativeTarget section */

/* Begin PBXProject section */
		EE5294CF2AB2D5340010D50D /* Project object */ = {
			isa = PBXProject;
			attributes = {
				LastUpgradeCheck = 1240;
				TargetAttributes = {
					EE33E7FF2AC3E3B40093E3E7 = {
						CreatedOnToolsVersion = 12.4;
					};
					EE5294D72AB2D5340010D50D = {
						CreatedOnToolsVersion = 12.4;
					};
				};
			};
			buildConfigurationList = EE5294D22AB2D5340010D50D /* Build configuration list for PBXProject "CrosEC" */;
			compatibilityVersion = "Xcode 9.3";
			developmentRegion = en;
			hasScannedForEncodings = 0;
			knownRegions = (
				en,
				Base,
			);
			mainGroup = EE5294CE2AB2D5340010D50D;
			productRefGroup = EE5294D92AB2D5340010D50D /* Products */;
			projectDirPath = "";
			projectRoot = "";
			targets = (
				EE5294D72AB2D5340010D50D /* CrosEC */,
				EE33E7FF2AC3E3B40093E3E7 /* CrosECVersion */,
			);
		};
/* End PBXProject section */

/* Begin PBXResourcesBuildPhase section */
		EE5294D62AB2D5340010D50D /* Resources */ = {
			isa = PBXResourcesBuildPhase;
			buildActionMask = 2147483647;
			files = (
				EE93B21A2ACD20650082868A /* VirtualSMCSDK in Resources */,
			);
			runOnlyForDeploymentPostprocessing = 0;
		};
/* End PBXResourcesBuildPhase section */

/* Begin PBXSourcesBuildPhase section */
		EE33E7FC2AC3E3B40093E3E7 /* Sources */ = {
			isa = PBXSourcesBuildPhase;
			buildActionMask = 2147483647;
			files = (
				EE33E8032AC3E3B40093E3E7 /* main.cpp in Sources */,
			);
			runOnlyForDeploymentPostprocessing = 0;
		};
		EE5294D42AB2D5340010D50D /* Sources */ = {
			isa = PBXSourcesBuildPhase;
			buildActionMask = 2147483647;
			files = (
				EE3E622B2AC685BB00A45060 /* AmbientLightValue.cpp in Sources */,
				EE3E621B2AC6820100A45060 /* SMCLightSensor.cpp in Sources */,
				EEA37FD92ABBD06C00B31609 /* CrosECSensorHub.cpp in Sources */,
				EE5296D12ABA718F00DD3CFE /* CrosECDeviceNub.cpp in Sources */,
				EEA37FD32ABAA3D700B31609 /* CrosECKeyboardBacklight.cpp in Sources */,
				EE38E9082AC0B17500EF14F3 /* CrosECUserClient.cpp in Sources */,
				EE5294DE2AB2D5340010D50D /* CrosECBus.cpp in Sources */,
			);
			runOnlyForDeploymentPostprocessing = 0;
		};
/* End PBXSourcesBuildPhase section */

/* Begin XCBuildConfiguration section */
		EE33E8052AC3E3B40093E3E7 /* Debug */ = {
			isa = XCBuildConfiguration;
			buildSettings = {
				CODE_SIGN_STYLE = Automatic;
				LIBRARY_SEARCH_PATHS = "";
				PRODUCT_NAME = "$(TARGET_NAME)";
			};
			name = Debug;
		};
		EE33E8062AC3E3B40093E3E7 /* Release */ = {
			isa = XCBuildConfiguration;
			buildSettings = {
				CODE_SIGN_STYLE = Automatic;
				LIBRARY_SEARCH_PATHS = "";
				PRODUCT_NAME = "$(TARGET_NAME)";
			};
			name = Release;
		};
		EE5294E02AB2D5340010D50D /* Debug */ = {
			isa = XCBuildConfiguration;
			buildSettings = {
				ALWAYS_SEARCH_USER_PATHS = NO;
				CLANG_ANALYZER_NONNULL = YES;
				CLANG_ANALYZER_NUMBER_OBJECT_CONVERSION = YES_AGGRESSIVE;
				CLANG_CXX_LANGUAGE_STANDARD = "gnu++14";
				CLANG_CXX_LIBRARY = "libc++";
				CLANG_ENABLE_MODULES = YES;
				CLANG_ENABLE_OBJC_ARC = YES;
				CLANG_ENABLE_OBJC_WEAK = YES;
				CLANG_WARN_BLOCK_CAPTURE_AUTORELEASING = YES;
				CLANG_WARN_BOOL_CONVERSION = YES;
				CLANG_WARN_COMMA = YES;
				CLANG_WARN_CONSTANT_CONVERSION = YES;
				CLANG_WARN_DEPRECATED_OBJC_IMPLEMENTATIONS = YES;
				CLANG_WARN_DIRECT_OBJC_ISA_USAGE = YES_ERROR;
				CLANG_WARN_DOCUMENTATION_COMMENTS = YES;
				CLANG_WARN_EMPTY_BODY = YES;
				CLANG_WARN_ENUM_CONVERSION = YES;
				CLANG_WARN_INFINITE_RECURSION = YES;
				CLANG_WARN_INT_CONVERSION = YES;
				CLANG_WARN_NON_LITERAL_NULL_CONVERSION = YES;
				CLANG_WARN_OBJC_IMPLICIT_RETAIN_SELF = YES;
				CLANG_WARN_OBJC_LITERAL_CONVERSION = YES;
				CLANG_WARN_OBJC_ROOT_CLASS = YES_ERROR;
				CLANG_WARN_QUOTED_INCLUDE_IN_FRAMEWORK_HEADER = YES;
				CLANG_WARN_RANGE_LOOP_ANALYSIS = YES;
				CLANG_WARN_STRICT_PROTOTYPES = YES;
				CLANG_WARN_SUSPICIOUS_MOVE = YES;
				CLANG_WARN_UNGUARDED_AVAILABILITY = YES_AGGRESSIVE;
				CLANG_WARN_UNREACHABLE_CODE = YES;
				CLANG_WARN__DUPLICATE_METHOD_MATCH = YES;
				COPY_PHASE_STRIP = NO;
				DEBUG_INFORMATION_FORMAT = dwarf;
				ENABLE_STRICT_OBJC_MSGSEND = YES;
				ENABLE_TESTABILITY = YES;
				GCC_C_LANGUAGE_STANDARD = gnu11;
				GCC_DYNAMIC_NO_PIC = NO;
				GCC_NO_COMMON_BLOCKS = YES;
				GCC_OPTIMIZATION_LEVEL = 0;
				GCC_PREPROCESSOR_DEFINITIONS = (
					"DEBUG=1",
					"$(inherited)",
				);
				GCC_WARN_64_TO_32_BIT_CONVERSION = YES;
				GCC_WARN_ABOUT_RETURN_TYPE = YES_ERROR;
				GCC_WARN_UNDECLARED_SELECTOR = YES;
				GCC_WARN_UNINITIALIZED_AUTOS = YES_AGGRESSIVE;
				GCC_WARN_UNUSED_FUNCTION = YES;
				GCC_WARN_UNUSED_VARIABLE = YES;
				HEADER_SEARCH_PATHS = (
					"${PROJECT_DIR}/Dependencies/VirtualSMC",
					"${PROJECT_DIR}/Lilu.kext/Contents/Resources/**",
				);
				KERNEL_EXTENSION_HEADER_SEARCH_PATHS = "$(PROJECT_DIR)/MacKernelSDK/Headers";
				KERNEL_FRAMEWORK_HEADERS = "$(PROJECT_DIR)/MacKernelSDK/Headers";
				LIBRARY_SEARCH_PATHS = "$(PROJECT_DIR)/MacKernelSDK/Library/x86_64";
				MACOSX_DEPLOYMENT_TARGET = 10.15;
				MODULE_STOP = cros_ec_kern_stop;
				MTL_ENABLE_DEBUG_INFO = INCLUDE_SOURCE;
				MTL_FAST_MATH = YES;
				ONLY_ACTIVE_ARCH = YES;
				SDKROOT = macosx;
			};
			name = Debug;
		};
		EE5294E12AB2D5340010D50D /* Release */ = {
			isa = XCBuildConfiguration;
			buildSettings = {
				ALWAYS_SEARCH_USER_PATHS = NO;
				CLANG_ANALYZER_NONNULL = YES;
				CLANG_ANALYZER_NUMBER_OBJECT_CONVERSION = YES_AGGRESSIVE;
				CLANG_CXX_LANGUAGE_STANDARD = "gnu++14";
				CLANG_CXX_LIBRARY = "libc++";
				CLANG_ENABLE_MODULES = YES;
				CLANG_ENABLE_OBJC_ARC = YES;
				CLANG_ENABLE_OBJC_WEAK = YES;
				CLANG_WARN_BLOCK_CAPTURE_AUTORELEASING = YES;
				CLANG_WARN_BOOL_CONVERSION = YES;
				CLANG_WARN_COMMA = YES;
				CLANG_WARN_CONSTANT_CONVERSION = YES;
				CLANG_WARN_DEPRECATED_OBJC_IMPLEMENTATIONS = YES;
				CLANG_WARN_DIRECT_OBJC_ISA_USAGE = YES_ERROR;
				CLANG_WARN_DOCUMENTATION_COMMENTS = YES;
				CLANG_WARN_EMPTY_BODY = YES;
				CLANG_WARN_ENUM_CONVERSION = YES;
				CLANG_WARN_INFINITE_RECURSION = YES;
				CLANG_WARN_INT_CONVERSION = YES;
				CLANG_WARN_NON_LITERAL_NULL_CONVERSION = YES;
				CLANG_WARN_OBJC_IMPLICIT_RETAIN_SELF = YES;
				CLANG_WARN_OBJC_LITERAL_CONVERSION = YES;
				CLANG_WARN_OBJC_ROOT_CLASS = YES_ERROR;
				CLANG_WARN_QUOTED_INCLUDE_IN_FRAMEWORK_HEADER = YES;
				CLANG_WARN_RANGE_LOOP_ANALYSIS = YES;
				CLANG_WARN_STRICT_PROTOTYPES = YES;
				CLANG_WARN_SUSPICIOUS_MOVE = YES;
				CLANG_WARN_UNGUARDED_AVAILABILITY = YES_AGGRESSIVE;
				CLANG_WARN_UNREACHABLE_CODE = YES;
				CLANG_WARN__DUPLICATE_METHOD_MATCH = YES;
				COPY_PHASE_STRIP = NO;
				DEBUG_INFORMATION_FORMAT = "dwarf-with-dsym";
				ENABLE_NS_ASSERTIONS = NO;
				ENABLE_STRICT_OBJC_MSGSEND = YES;
				GCC_C_LANGUAGE_STANDARD = gnu11;
				GCC_NO_COMMON_BLOCKS = YES;
				GCC_WARN_64_TO_32_BIT_CONVERSION = YES;
				GCC_WARN_ABOUT_RETURN_TYPE = YES_ERROR;
				GCC_WARN_UNDECLARED_SELECTOR = YES;
				GCC_WARN_UNINITIALIZED_AUTOS = YES_AGGRESSIVE;
				GCC_WARN_UNUSED_FUNCTION = YES;
				GCC_WARN_UNUSED_VARIABLE = YES;
				HEADER_SEARCH_PATHS = (
					"${PROJECT_DIR}/Dependencies/VirtualSMC",
					"${PROJECT_DIR}/Lilu.kext/Contents/Resources/**",
				);
				KERNEL_EXTENSION_HEADER_SEARCH_PATHS = "$(PROJECT_DIR)/MacKernelSDK/Headers";
				KERNEL_FRAMEWORK_HEADERS = "$(PROJECT_DIR)/MacKernelSDK/Headers";
				LIBRARY_SEARCH_PATHS = "$(PROJECT_DIR)/MacKernelSDK/Library/x86_64";
				MACOSX_DEPLOYMENT_TARGET = 10.15;
				MODULE_STOP = cros_ec_kern_stop;
				MTL_ENABLE_DEBUG_INFO = NO;
				MTL_FAST_MATH = YES;
				SDKROOT = macosx;
			};
			name = Release;
		};
		EE5294E32AB2D5340010D50D /* Debug */ = {
			isa = XCBuildConfiguration;
			buildSettings = {
				CLANG_WARN_QUOTED_INCLUDE_IN_FRAMEWORK_HEADER = NO;
				CODE_SIGN_STYLE = Automatic;
				COMBINE_HIDPI_IMAGES = YES;
				CURRENT_PROJECT_VERSION = 1.0.0d1;
				INFOPLIST_FILE = CrosEC/Info.plist;
				MACOSX_DEPLOYMENT_TARGET = 11.0;
				MODULE_NAME = com.1Revenger1.CrosEC;
				MODULE_VERSION = 1.0.0d1;
				PRODUCT_BUNDLE_IDENTIFIER = com.1Revenger1.CrosEC;
				PRODUCT_NAME = "$(TARGET_NAME)";
				RUN_CLANG_STATIC_ANALYZER = YES;
				WRAPPER_EXTENSION = kext;
			};
			name = Debug;
		};
		EE5294E42AB2D5340010D50D /* Release */ = {
			isa = XCBuildConfiguration;
			buildSettings = {
				CLANG_WARN_QUOTED_INCLUDE_IN_FRAMEWORK_HEADER = NO;
				CODE_SIGN_STYLE = Automatic;
				COMBINE_HIDPI_IMAGES = YES;
				CURRENT_PROJECT_VERSION = 1.0.0d1;
				INFOPLIST_FILE = CrosEC/Info.plist;
				MACOSX_DEPLOYMENT_TARGET = 11.0;
				MODULE_NAME = com.1Revenger1.CrosEC;
				MODULE_VERSION = 1.0.0d1;
				PRODUCT_BUNDLE_IDENTIFIER = com.1Revenger1.CrosEC;
				PRODUCT_NAME = "$(TARGET_NAME)";
				RUN_CLANG_STATIC_ANALYZER = YES;
				WRAPPER_EXTENSION = kext;
			};
			name = Release;
		};
/* End XCBuildConfiguration section */

/* Begin XCConfigurationList section */
		EE33E8042AC3E3B40093E3E7 /* Build configuration list for PBXNativeTarget "CrosECVersion" */ = {
			isa = XCConfigurationList;
			buildConfigurations = (
				EE33E8052AC3E3B40093E3E7 /* Debug */,
				EE33E8062AC3E3B40093E3E7 /* Release */,
			);
			defaultConfigurationIsVisible = 0;
			defaultConfigurationName = Release;
		};
		EE5294D22AB2D5340010D50D /* Build configuration list for PBXProject "CrosEC" */ = {
			isa = XCConfigurationList;
			buildConfigurations = (
				EE5294E02AB2D5340010D50D /* Debug */,
				EE5294E12AB2D5340010D50D /* Release */,
			);
			defaultConfigurationIsVisible = 0;
			defaultConfigurationName = Release;
		};
		EE5294E22AB2D5340010D50D /* Build configuration list for PBXNativeTarget "CrosEC" */ = {
			isa = XCConfigurationList;
			buildConfigurations = (
				EE5294E32AB2D5340010D50D /* Debug */,
				EE5294E42AB2D5340010D50D /* Release */,
			);
			defaultConfigurationIsVisible = 0;
			defaultConfigurationName = Release;
		};
/* End XCConfigurationList section */
	};
	rootObject = EE5294CF2AB2D5340010D50D /* Project object */;
}
